
Microsoft Visual Studio Solution File, Format Version 12.00
Project("{FAE04EC0-301F-11D3-BF4B-00C04F79EFBC}") = "ObjToDict.Generator", "ObjToDict.Generator\ObjToDict.Generator.csproj", "{79B2C429-8DE8-486C-9CD2-FA60D6FD148F}"
EndProject
Project("{FAE04EC0-301F-11D3-BF4B-00C04F79EFBC}") = "ObjToDict.Tests", "ObjToDict.Tests\ObjToDict.Tests.csproj", "{6E369E44-D7A3-47F0-B0F6-A506A501C264}"
EndProject
Project("{FAE04EC0-301F-11D3-BF4B-00C04F79EFBC}") = "ObjToDict", "ObjToDict\ObjToDict.csproj", "{06F6D510-DCBC-456E-885B-4BC618F139C1}"
EndProject
Project("{FAE04EC0-301F-11D3-BF4B-00C04F79EFBC}") = "ObjToDict.Example", "ObjToDict.Example\ObjToDict.Example.csproj", "{565858C3-5D70-439C-838E-215308A0E73A}"
EndProject
Global
	GlobalSection(SolutionConfigurationPlatforms) = preSolution
		Debug|Any CPU = Debug|Any CPU
		Release|Any CPU = Release|Any CPU
	EndGlobalSection
	GlobalSection(ProjectConfigurationPlatforms) = postSolution
		{79B2C429-8DE8-486C-9CD2-FA60D6FD148F}.Debug|Any CPU.ActiveCfg = Debug|Any CPU
		{79B2C429-8DE8-486C-9CD2-FA60D6FD148F}.Debug|Any CPU.Build.0 = Debug|Any CPU
		{79B2C429-8DE8-486C-9CD2-FA60D6FD148F}.Release|Any CPU.ActiveCfg = Release|Any CPU
		{79B2C429-8DE8-486C-9CD2-FA60D6FD148F}.Release|Any CPU.Build.0 = Release|Any CPU
		{6E369E44-D7A3-47F0-B0F6-A506A501C264}.Debug|Any CPU.ActiveCfg = Debug|Any CPU
		{6E369E44-D7A3-47F0-B0F6-A506A501C264}.Debug|Any CPU.Build.0 = Debug|Any CPU
		{6E369E44-D7A3-47F0-B0F6-A506A501C264}.Release|Any CPU.ActiveCfg = Release|Any CPU
		{6E369E44-D7A3-47F0-B0F6-A506A501C264}.Release|Any CPU.Build.0 = Release|Any CPU
		{06F6D510-DCBC-456E-885B-4BC618F139C1}.Debug|Any CPU.ActiveCfg = Debug|Any CPU
		{06F6D510-DCBC-456E-885B-4BC618F139C1}.Debug|Any CPU.Build.0 = Debug|Any CPU
		{06F6D510-DCBC-456E-885B-4BC618F139C1}.Release|Any CPU.ActiveCfg = Release|Any CPU
		{06F6D510-DCBC-456E-885B-4BC618F139C1}.Release|Any CPU.Build.0 = Release|Any CPU
		{565858C3-5D70-439C-838E-215308A0E73A}.Debug|Any CPU.ActiveCfg = Debug|Any CPU
		{565858C3-5D70-439C-838E-215308A0E73A}.Debug|Any CPU.Build.0 = Debug|Any CPU
		{565858C3-5D70-439C-838E-215308A0E73A}.Release|Any CPU.ActiveCfg = Release|Any CPU
		{565858C3-5D70-439C-838E-215308A0E73A}.Release|Any CPU.Build.0 = Release|Any CPU
	EndGlobalSection
EndGlobal
